# This file was autogenerated by Stack.
# You should not edit this file by hand.
# For more information, please see the documentation at:
#   https://docs.haskellstack.org/en/stable/lock_files

packages:
- completed:
    hackage: yesod-auth-oauth2-0.6.1.2@sha256:181c757c8ba0f57c23119414db90e1859271bfeb85667d88a99746001c064aba,2891
    pantry-tree:
      size: 1763
      sha256: d6af8eabecd6a710c3c55003f7192216e8215bc738640cc29ee10046149aee9c
  original:
    hackage: yesod-auth-oauth2-0.6.1.2
- completed:
    hackage: hoauth2-1.8.9@sha256:63929253f6cdeb096a369980d2acf0d7eedd0c98ac46f962f717c56b724069a4,5734
    pantry-tree:
      size: 1986
      sha256: 1c2901e88e82128b1e7f46e4b58eaeec779a630f0e30eb8bc226cb8ebb521bf8
  original:
    hackage: hoauth2-1.8.9
- completed:
    hackage: uri-bytestring-aeson-0.1.0.7@sha256:33d83caa4704f07112564b98cb4b2e7b87f3f185e2e520c8d3444b95967d11f3,1103
    pantry-tree:
      size: 330
      sha256: 86a5bafd2080c702b27216c9019283456df88f31a3fe1a97510a162f9f24c7c1
  original:
    hackage: uri-bytestring-aeson-0.1.0.7
- completed:
    hackage: plural-0.0.2@sha256:b7af73abf2ff46d6f37b3a119121424d2c6a31f06a7535d9b488803ec27ed2c4,835
    pantry-tree:
      size: 271
      sha256: 7f588ebfada762c8bc9f818f0a8b271075c9ab400572fbadb14b438ed6328b73
  original:
    hackage: plural-0.0.2
snapshots:
- completed:
    size: 524804
    url: https://raw.githubusercontent.com/commercialhaskell/stackage-snapshots/master/lts/14/16.yaml
    sha256: 4d1519a4372d051d47a5eae2241cf3fb54e113d7475f89707ddb6ec06add2888
  original: lts-14.16
